// !$*UTF8*$!
{
	archiveVersion = 1;
	classes = {
	};
	objectVersion = 55;
	objects = {

/* Begin PBXBuildFile section */
		23009EC327BAF4DF00775EC8 /* AppDelegate.swift in Sources */ = {isa = PBXBuildFile; fileRef = 23009EC227BAF4DF00775EC8 /* AppDelegate.swift */; };
		23009EC527BAF4DF00775EC8 /* GameScene.sks in Resources */ = {isa = PBXBuildFile; fileRef = 23009EC427BAF4DF00775EC8 /* GameScene.sks */; };
		23009EC727BAF4DF00775EC8 /* Actions.sks in Resources */ = {isa = PBXBuildFile; fileRef = 23009EC627BAF4DF00775EC8 /* Actions.sks */; };
		23009EC927BAF4DF00775EC8 /* GameScene.swift in Sources */ = {isa = PBXBuildFile; fileRef = 23009EC827BAF4DF00775EC8 /* GameScene.swift */; };
		23009ECB27BAF4DF00775EC8 /* GameViewController.swift in Sources */ = {isa = PBXBuildFile; fileRef = 23009ECA27BAF4DF00775EC8 /* GameViewController.swift */; };
		23009ECE27BAF4DF00775EC8 /* Main.storyboard in Resources */ = {isa = PBXBuildFile; fileRef = 23009ECC27BAF4DF00775EC8 /* Main.storyboard */; };
		23009ED027BAF4E700775EC8 /* Assets.xcassets in Resources */ = {isa = PBXBuildFile; fileRef = 23009ECF27BAF4E700775EC8 /* Assets.xcassets */; };
		23009ED327BAF4E700775EC8 /* LaunchScreen.storyboard in Resources */ = {isa = PBXBuildFile; fileRef = 23009ED127BAF4E700775EC8 /* LaunchScreen.storyboard */; };
		23009EDD27BAF4E800775EC8 /* PongTests.swift in Sources */ = {isa = PBXBuildFile; fileRef = 23009EDC27BAF4E800775EC8 /* PongTests.swift */; };
		23009EE727BAF4E800775EC8 /* PongUITests.swift in Sources */ = {isa = PBXBuildFile; fileRef = 23009EE627BAF4E800775EC8 /* PongUITests.swift */; };
		23009EE927BAF4E800775EC8 /* PongUITestsLaunchTests.swift in Sources */ = {isa = PBXBuildFile; fileRef = 23009EE827BAF4E800775EC8 /* PongUITestsLaunchTests.swift */; };
		23009F2C27BD985D00775EC8 /* PublicPixel.ttf in Resources */ = {isa = PBXBuildFile; fileRef = 23009F2B27BD985C00775EC8 /* PublicPixel.ttf */; };
		23D78C4227BEE72C001DEB39 /* MenuVC.swift in Sources */ = {isa = PBXBuildFile; fileRef = 23D78C4127BEE72C001DEB39 /* MenuVC.swift */; };
/* End PBXBuildFile section */

/* Begin PBXContainerItemProxy section */
		23009ED927BAF4E800775EC8 /* PBXContainerItemProxy */ = {
			isa = PBXContainerItemProxy;
			containerPortal = 23009EB727BAF4DF00775EC8 /* Project object */;
			proxyType = 1;
			remoteGlobalIDString = 23009EBE27BAF4DF00775EC8;
			remoteInfo = Pong;
		};
		23009EE327BAF4E800775EC8 /* PBXContainerItemProxy */ = {
			isa = PBXContainerItemProxy;
			containerPortal = 23009EB727BAF4DF00775EC8 /* Project object */;
			proxyType = 1;
			remoteGlobalIDString = 23009EBE27BAF4DF00775EC8;
			remoteInfo = Pong;
		};
/* End PBXContainerItemProxy section */

/* Begin PBXFileReference section */
		23009EBF27BAF4DF00775EC8 /* Pong.app */ = {isa = PBXFileReference; explicitFileType = wrapper.application; includeInIndex = 0; path = Pong.app; sourceTree = BUILT_PRODUCTS_DIR; };
		23009EC227BAF4DF00775EC8 /* AppDelegate.swift */ = {isa = PBXFileReference; lastKnownFileType = sourcecode.swift; path = AppDelegate.swift; sourceTree = "<group>"; };
		23009EC427BAF4DF00775EC8 /* GameScene.sks */ = {isa = PBXFileReference; lastKnownFileType = file.sks; path = GameScene.sks; sourceTree = "<group>"; };
		23009EC627BAF4DF00775EC8 /* Actions.sks */ = {isa = PBXFileReference; lastKnownFileType = file.sks; path = Actions.sks; sourceTree = "<group>"; };
		23009EC827BAF4DF00775EC8 /* GameScene.swift */ = {isa = PBXFileReference; lastKnownFileType = sourcecode.swift; path = GameScene.swift; sourceTree = "<group>"; };
		23009ECA27BAF4DF00775EC8 /* GameViewController.swift */ = {isa = PBXFileReference; lastKnownFileType = sourcecode.swift; path = GameViewController.swift; sourceTree = "<group>"; };
		23009ECD27BAF4DF00775EC8 /* Base */ = {isa = PBXFileReference; lastKnownFileType = file.storyboard; name = Base; path = Base.lproj/Main.storyboard; sourceTree = "<group>"; };
		23009ECF27BAF4E700775EC8 /* Assets.xcassets */ = {isa = PBXFileReference; lastKnownFileType = folder.assetcatalog; path = Assets.xcassets; sourceTree = "<group>"; };
		23009ED227BAF4E700775EC8 /* Base */ = {isa = PBXFileReference; lastKnownFileType = file.storyboard; name = Base; path = Base.lproj/LaunchScreen.storyboard; sourceTree = "<group>"; };
		23009ED827BAF4E800775EC8 /* PongTests.xctest */ = {isa = PBXFileReference; explicitFileType = wrapper.cfbundle; includeInIndex = 0; path = PongTests.xctest; sourceTree = BUILT_PRODUCTS_DIR; };
		23009EDC27BAF4E800775EC8 /* PongTests.swift */ = {isa = PBXFileReference; lastKnownFileType = sourcecode.swift; path = PongTests.swift; sourceTree = "<group>"; };
		23009EE227BAF4E800775EC8 /* PongUITests.xctest */ = {isa = PBXFileReference; explicitFileType = wrapper.cfbundle; includeInIndex = 0; path = PongUITests.xctest; sourceTree = BUILT_PRODUCTS_DIR; };
		23009EE627BAF4E800775EC8 /* PongUITests.swift */ = {isa = PBXFileReference; lastKnownFileType = sourcecode.swift; path = PongUITests.swift; sourceTree = "<group>"; };
		23009EE827BAF4E800775EC8 /* PongUITestsLaunchTests.swift */ = {isa = PBXFileReference; lastKnownFileType = sourcecode.swift; path = PongUITestsLaunchTests.swift; sourceTree = "<group>"; };
		23009F2B27BD985C00775EC8 /* PublicPixel.ttf */ = {isa = PBXFileReference; lastKnownFileType = file; path = PublicPixel.ttf; sourceTree = "<group>"; };
		23009F2D27BD994B00775EC8 /* Info.plist */ = {isa = PBXFileReference; lastKnownFileType = text.plist; path = Info.plist; sourceTree = "<group>"; };
		23D78C4127BEE72C001DEB39 /* MenuVC.swift */ = {isa = PBXFileReference; lastKnownFileType = sourcecode.swift; path = MenuVC.swift; sourceTree = "<group>"; };
/* End PBXFileReference section */

/* Begin PBXFrameworksBuildPhase section */
		23009EBC27BAF4DF00775EC8 /* Frameworks */ = {
			isa = PBXFrameworksBuildPhase;
			buildActionMask = 2147483647;
			files = (
			);
			runOnlyForDeploymentPostprocessing = 0;
		};
		23009ED527BAF4E800775EC8 /* Frameworks */ = {
			isa = PBXFrameworksBuildPhase;
			buildActionMask = 2147483647;
			files = (
			);
			runOnlyForDeploymentPostprocessing = 0;
		};
		23009EDF27BAF4E800775EC8 /* Frameworks */ = {
			isa = PBXFrameworksBuildPhase;
			buildActionMask = 2147483647;
			files = (
			);
			runOnlyForDeploymentPostprocessing = 0;
		};
/* End PBXFrameworksBuildPhase section */

/* Begin PBXGroup section */
		23009EB627BAF4DF00775EC8 = {
			isa = PBXGroup;
			children = (
				23009EC127BAF4DF00775EC8 /* Pong */,
				23009EDB27BAF4E800775EC8 /* PongTests */,
				23009EE527BAF4E800775EC8 /* PongUITests */,
				23009EC027BAF4DF00775EC8 /* Products */,
			);
			sourceTree = "<group>";
		};
		23009EC027BAF4DF00775EC8 /* Products */ = {
			isa = PBXGroup;
			children = (
				23009EBF27BAF4DF00775EC8 /* Pong.app */,
				23009ED827BAF4E800775EC8 /* PongTests.xctest */,
				23009EE227BAF4E800775EC8 /* PongUITests.xctest */,
			);
			name = Products;
			sourceTree = "<group>";
		};
		23009EC127BAF4DF00775EC8 /* Pong */ = {
			isa = PBXGroup;
			children = (
				23009F2D27BD994B00775EC8 /* Info.plist */,
				23009F2B27BD985C00775EC8 /* PublicPixel.ttf */,
				23009EC227BAF4DF00775EC8 /* AppDelegate.swift */,
				23009EC427BAF4DF00775EC8 /* GameScene.sks */,
				23009EC627BAF4DF00775EC8 /* Actions.sks */,
				23009EC827BAF4DF00775EC8 /* GameScene.swift */,
				23009ECA27BAF4DF00775EC8 /* GameViewController.swift */,
				23009ECC27BAF4DF00775EC8 /* Main.storyboard */,
				23D78C4127BEE72C001DEB39 /* MenuVC.swift */,
				23009ECF27BAF4E700775EC8 /* Assets.xcassets */,
				23009ED127BAF4E700775EC8 /* LaunchScreen.storyboard */,
			);
			path = Pong;
			sourceTree = "<group>";
		};
		23009EDB27BAF4E800775EC8 /* PongTests */ = {
			isa = PBXGroup;
			children = (
				23009EDC27BAF4E800775EC8 /* PongTests.swift */,
			);
			path = PongTests;
			sourceTree = "<group>";
		};
		23009EE527BAF4E800775EC8 /* PongUITests */ = {
			isa = PBXGroup;
			children = (
				23009EE627BAF4E800775EC8 /* PongUITests.swift */,
				23009EE827BAF4E800775EC8 /* PongUITestsLaunchTests.swift */,
			);
			path = PongUITests;
			sourceTree = "<group>";
		};
/* End PBXGroup section */

/* Begin PBXNativeTarget section */
		23009EBE27BAF4DF00775EC8 /* Pong */ = {
			isa = PBXNativeTarget;
			buildConfigurationList = 23009EEC27BAF4E800775EC8 /* Build configuration list for PBXNativeTarget "Pong" */;
			buildPhases = (
				23009EBB27BAF4DF00775EC8 /* Sources */,
				23009EBC27BAF4DF00775EC8 /* Frameworks */,
				23009EBD27BAF4DF00775EC8 /* Resources */,
			);
			buildRules = (
			);
			dependencies = (
			);
			name = Pong;
			productName = Pong;
			productReference = 23009EBF27BAF4DF00775EC8 /* Pong.app */;
			productType = "com.apple.product-type.application";
		};
		23009ED727BAF4E800775EC8 /* PongTests */ = {
			isa = PBXNativeTarget;
			buildConfigurationList = 23009EEF27BAF4E800775EC8 /* Build configuration list for PBXNativeTarget "PongTests" */;
			buildPhases = (
				23009ED427BAF4E800775EC8 /* Sources */,
				23009ED527BAF4E800775EC8 /* Frameworks */,
				23009ED627BAF4E800775EC8 /* Resources */,
			);
			buildRules = (
			);
			dependencies = (
				23009EDA27BAF4E800775EC8 /* PBXTargetDependency */,
			);
			name = PongTests;
			productName = PongTests;
			productReference = 23009ED827BAF4E800775EC8 /* PongTests.xctest */;
			productType = "com.apple.product-type.bundle.unit-test";
		};
		23009EE127BAF4E800775EC8 /* PongUITests */ = {
			isa = PBXNativeTarget;
			buildConfigurationList = 23009EF227BAF4E800775EC8 /* Build configuration list for PBXNativeTarget "PongUITests" */;
			buildPhases = (
				23009EDE27BAF4E800775EC8 /* Sources */,
				23009EDF27BAF4E800775EC8 /* Frameworks */,
				23009EE027BAF4E800775EC8 /* Resources */,
			);
			buildRules = (
			);
			dependencies = (
				23009EE427BAF4E800775EC8 /* PBXTargetDependency */,
			);
			name = PongUITests;
			productName = PongUITests;
			productReference = 23009EE227BAF4E800775EC8 /* PongUITests.xctest */;
			productType = "com.apple.product-type.bundle.ui-testing";
		};
/* End PBXNativeTarget section */

/* Begin PBXProject section */
		23009EB727BAF4DF00775EC8 /* Project object */ = {
			isa = PBXProject;
			attributes = {
				BuildIndependentTargetsInParallel = 1;
				LastSwiftUpdateCheck = 1330;
				LastUpgradeCheck = 1330;
				TargetAttributes = {
					23009EBE27BAF4DF00775EC8 = {
						CreatedOnToolsVersion = 13.3;
					};
					23009ED727BAF4E800775EC8 = {
						CreatedOnToolsVersion = 13.3;
						TestTargetID = 23009EBE27BAF4DF00775EC8;
					};
					23009EE127BAF4E800775EC8 = {
						CreatedOnToolsVersion = 13.3;
						TestTargetID = 23009EBE27BAF4DF00775EC8;
					};
				};
			};
			buildConfigurationList = 23009EBA27BAF4DF00775EC8 /* Build configuration list for PBXProject "Pong" */;
			compatibilityVersion = "Xcode 13.0";
			developmentRegion = en;
			hasScannedForEncodings = 0;
			knownRegions = (
				en,
				Base,
			);
			mainGroup = 23009EB627BAF4DF00775EC8;
			productRefGroup = 23009EC027BAF4DF00775EC8 /* Products */;
			projectDirPath = "";
			projectRoot = "";
			targets = (
				23009EBE27BAF4DF00775EC8 /* Pong */,
				23009ED727BAF4E800775EC8 /* PongTests */,
				23009EE127BAF4E800775EC8 /* PongUITests */,
			);
		};
/* End PBXProject section */

/* Begin PBXResourcesBuildPhase section */
		23009EBD27BAF4DF00775EC8 /* Resources */ = {
			isa = PBXResourcesBuildPhase;
			buildActionMask = 2147483647;
			files = (
				23009ECE27BAF4DF00775EC8 /* Main.storyboard in Resources */,
				23009EC527BAF4DF00775EC8 /* GameScene.sks in Resources */,
				23009F2C27BD985D00775EC8 /* PublicPixel.ttf in Resources */,
				23009ED027BAF4E700775EC8 /* Assets.xcassets in Resources */,
				23009ED327BAF4E700775EC8 /* LaunchScreen.storyboard in Resources */,
				23009EC727BAF4DF00775EC8 /* Actions.sks in Resources */,
			);
			runOnlyForDeploymentPostprocessing = 0;
		};
		23009ED627BAF4E800775EC8 /* Resources */ = {
			isa = PBXResourcesBuildPhase;
			buildActionMask = 2147483647;
			files = (
			);
			runOnlyForDeploymentPostprocessing = 0;
		};
		23009EE027BAF4E800775EC8 /* Resources */ = {
			isa = PBXResourcesBuildPhase;
			buildActionMask = 2147483647;
			files = (
			);
			runOnlyForDeploymentPostprocessing = 0;
		};
/* End PBXResourcesBuildPhase section */

/* Begin PBXSourcesBuildPhase section */
		23009EBB27BAF4DF00775EC8 /* Sources */ = {
			isa = PBXSourcesBuildPhase;
			buildActionMask = 2147483647;
			files = (
				23009EC927BAF4DF00775EC8 /* GameScene.swift in Sources */,
				23D78C4227BEE72C001DEB39 /* MenuVC.swift in Sources */,
				23009ECB27BAF4DF00775EC8 /* GameViewController.swift in Sources */,
				23009EC327BAF4DF00775EC8 /* AppDelegate.swift in Sources */,
			);
			runOnlyForDeploymentPostprocessing = 0;
		};
		23009ED427BAF4E800775EC8 /* Sources */ = {
			isa = PBXSourcesBuildPhase;
			buildActionMask = 2147483647;
			files = (
				23009EDD27BAF4E800775EC8 /* PongTests.swift in Sources */,
			);
			runOnlyForDeploymentPostprocessing = 0;
		};
		23009EDE27BAF4E800775EC8 /* Sources */ = {
			isa = PBXSourcesBuildPhase;
			buildActionMask = 2147483647;
			files = (
				23009EE927BAF4E800775EC8 /* PongUITestsLaunchTests.swift in Sources */,
				23009EE727BAF4E800775EC8 /* PongUITests.swift in Sources */,
			);
			runOnlyForDeploymentPostprocessing = 0;
		};
/* End PBXSourcesBuildPhase section */

/* Begin PBXTargetDependency section */
		23009EDA27BAF4E800775EC8 /* PBXTargetDependency */ = {
			isa = PBXTargetDependency;
			target = 23009EBE27BAF4DF00775EC8 /* Pong */;
			targetProxy = 23009ED927BAF4E800775EC8 /* PBXContainerItemProxy */;
		};
		23009EE427BAF4E800775EC8 /* PBXTargetDependency */ = {
			isa = PBXTargetDependency;
			target = 23009EBE27BAF4DF00775EC8 /* Pong */;
			targetProxy = 23009EE327BAF4E800775EC8 /* PBXContainerItemProxy */;
		};
/* End PBXTargetDependency section */

/* Begin PBXVariantGroup section */
		23009ECC27BAF4DF00775EC8 /* Main.storyboard */ = {
			isa = PBXVariantGroup;
			children = (
				23009ECD27BAF4DF00775EC8 /* Base */,
			);
			name = Main.storyboard;
			sourceTree = "<group>";
		};
		23009ED127BAF4E700775EC8 /* LaunchScreen.storyboard */ = {
			isa = PBXVariantGroup;
			children = (
				23009ED227BAF4E700775EC8 /* Base */,
			);
			name = LaunchScreen.storyboard;
			sourceTree = "<group>";
		};
/* End PBXVariantGroup section */

/* Begin XCBuildConfiguration section */
		23009EEA27BAF4E800775EC8 /* Debug */ = {
			isa = XCBuildConfiguration;
			buildSettings = {
				ALWAYS_SEARCH_USER_PATHS = NO;
				CLANG_ANALYZER_NONNULL = YES;
				CLANG_ANALYZER_NUMBER_OBJECT_CONVERSION = YES_AGGRESSIVE;
				CLANG_CXX_LANGUAGE_STANDARD = "gnu++17";
				CLANG_ENABLE_MODULES = YES;
				CLANG_ENABLE_OBJC_ARC = YES;
				CLANG_ENABLE_OBJC_WEAK = YES;
				CLANG_WARN_BLOCK_CAPTURE_AUTORELEASING = YES;
				CLANG_WARN_BOOL_CONVERSION = YES;
				CLANG_WARN_COMMA = YES;
				CLANG_WARN_CONSTANT_CONVERSION = YES;
				CLANG_WARN_DEPRECATED_OBJC_IMPLEMENTATIONS = YES;
				CLANG_WARN_DIRECT_OBJC_ISA_USAGE = YES_ERROR;
				CLANG_WARN_DOCUMENTATION_COMMENTS = YES;
				CLANG_WARN_EMPTY_BODY = YES;
				CLANG_WARN_ENUM_CONVERSION = YES;
				CLANG_WARN_INFINITE_RECURSION = YES;
				CLANG_WARN_INT_CONVERSION = YES;
				CLANG_WARN_NON_LITERAL_NULL_CONVERSION = YES;
				CLANG_WARN_OBJC_IMPLICIT_RETAIN_SELF = YES;
				CLANG_WARN_OBJC_LITERAL_CONVERSION = YES;
				CLANG_WARN_OBJC_ROOT_CLASS = YES_ERROR;
				CLANG_WARN_QUOTED_INCLUDE_IN_FRAMEWORK_HEADER = YES;
				CLANG_WARN_RANGE_LOOP_ANALYSIS = YES;
				CLANG_WARN_STRICT_PROTOTYPES = YES;
				CLANG_WARN_SUSPICIOUS_MOVE = YES;
				CLANG_WARN_UNGUARDED_AVAILABILITY = YES_AGGRESSIVE;
				CLANG_WARN_UNREACHABLE_CODE = YES;
				CLANG_WARN__DUPLICATE_METHOD_MATCH = YES;
				COPY_PHASE_STRIP = NO;
				DEBUG_INFORMATION_FORMAT = dwarf;
				ENABLE_STRICT_OBJC_MSGSEND = YES;
				ENABLE_TESTABILITY = YES;
				GCC_C_LANGUAGE_STANDARD = gnu11;
				GCC_DYNAMIC_NO_PIC = NO;
				GCC_NO_COMMON_BLOCKS = YES;
				GCC_OPTIMIZATION_LEVEL = 0;
				GCC_PREPROCESSOR_DEFINITIONS = (
					"DEBUG=1",
					"$(inherited)",
				);
				GCC_WARN_64_TO_32_BIT_CONVERSION = YES;
				GCC_WARN_ABOUT_RETURN_TYPE = YES_ERROR;
				GCC_WARN_UNDECLARED_SELECTOR = YES;
				GCC_WARN_UNINITIALIZED_AUTOS = YES_AGGRESSIVE;
				GCC_WARN_UNUSED_FUNCTION = YES;
				GCC_WARN_UNUSED_VARIABLE = YES;
				IPHONEOS_DEPLOYMENT_TARGET = 15.0;
				MTL_ENABLE_DEBUG_INFO = INCLUDE_SOURCE;
				MTL_FAST_MATH = YES;
				ONLY_ACTIVE_ARCH = YES;
				SDKROOT = iphoneos;
				SWIFT_ACTIVE_COMPILATION_CONDITIONS = DEBUG;
				SWIFT_OPTIMIZATION_LEVEL = "-Onone";
			};
			name = Debug;
		};
		23009EEB27BAF4E800775EC8 /* Release */ = {
			isa = XCBuildConfiguration;
			buildSettings = {
				ALWAYS_SEARCH_USER_PATHS = NO;
				CLANG_ANALYZER_NONNULL = YES;
				CLANG_ANALYZER_NUMBER_OBJECT_CONVERSION = YES_AGGRESSIVE;
				CLANG_CXX_LANGUAGE_STANDARD = "gnu++17";
				CLANG_ENABLE_MODULES = YES;
				CLANG_ENABLE_OBJC_ARC = YES;
				CLANG_ENABLE_OBJC_WEAK = YES;
				CLANG_WARN_BLOCK_CAPTURE_AUTORELEASING = YES;
				CLANG_WARN_BOOL_CONVERSION = YES;
				CLANG_WARN_COMMA = YES;
				CLANG_WARN_CONSTANT_CONVERSION = YES;
				CLANG_WARN_DEPRECATED_OBJC_IMPLEMENTATIONS = YES;
				CLANG_WARN_DIRECT_OBJC_ISA_USAGE = YES_ERROR;
				CLANG_WARN_DOCUMENTATION_COMMENTS = YES;
				CLANG_WARN_EMPTY_BODY = YES;
				CLANG_WARN_ENUM_CONVERSION = YES;
				CLANG_WARN_INFINITE_RECURSION = YES;
				CLANG_WARN_INT_CONVERSION = YES;
				CLANG_WARN_NON_LITERAL_NULL_CONVERSION = YES;
				CLANG_WARN_OBJC_IMPLICIT_RETAIN_SELF = YES;
				CLANG_WARN_OBJC_LITERAL_CONVERSION = YES;
				CLANG_WARN_OBJC_ROOT_CLASS = YES_ERROR;
				CLANG_WARN_QUOTED_INCLUDE_IN_FRAMEWORK_HEADER = YES;
				CLANG_WARN_RANGE_LOOP_ANALYSIS = YES;
				CLANG_WARN_STRICT_PROTOTYPES = YES;
				CLANG_WARN_SUSPICIOUS_MOVE = YES;
				CLANG_WARN_UNGUARDED_AVAILABILITY = YES_AGGRESSIVE;
				CLANG_WARN_UNREACHABLE_CODE = YES;
				CLANG_WARN__DUPLICATE_METHOD_MATCH = YES;
				COPY_PHASE_STRIP = NO;
				DEBUG_INFORMATION_FORMAT = "dwarf-with-dsym";
				ENABLE_NS_ASSERTIONS = NO;
				ENABLE_STRICT_OBJC_MSGSEND = YES;
				GCC_C_LANGUAGE_STANDARD = gnu11;
				GCC_NO_COMMON_BLOCKS = YES;
				GCC_WARN_64_TO_32_BIT_CONVERSION = YES;
				GCC_WARN_ABOUT_RETURN_TYPE = YES_ERROR;
				GCC_WARN_UNDECLARED_SELECTOR = YES;
				GCC_WARN_UNINITIALIZED_AUTOS = YES_AGGRESSIVE;
				GCC_WARN_UNUSED_FUNCTION = YES;
				GCC_WARN_UNUSED_VARIABLE = YES;
				IPHONEOS_DEPLOYMENT_TARGET = 15.0;
				MTL_ENABLE_DEBUG_INFO = NO;
				MTL_FAST_MATH = YES;
				SDKROOT = iphoneos;
				SWIFT_COMPILATION_MODE = wholemodule;
				SWIFT_OPTIMIZATION_LEVEL = "-O";
				VALIDATE_PRODUCT = YES;
			};
			name = Release;
		};
		23009EED27BAF4E800775EC8 /* Debug */ = {
			isa = XCBuildConfiguration;
			buildSettings = {
				ASSETCATALOG_COMPILER_APPICON_NAME = AppIcon;
				ASSETCATALOG_COMPILER_GLOBAL_ACCENT_COLOR_NAME = AccentColor;
				CODE_SIGN_STYLE = Automatic;
				CURRENT_PROJECT_VERSION = 1;
				DEVELOPMENT_TEAM = 883DK65VTV;
				GENERATE_INFOPLIST_FILE = YES;
				INFOPLIST_FILE = Pong/Info.plist;
				INFOPLIST_KEY_CFBundleDisplayName = Ping9;
				INFOPLIST_KEY_UIApplicationSupportsIndirectInputEvents = YES;
				INFOPLIST_KEY_UILaunchStoryboardName = LaunchScreen;
				INFOPLIST_KEY_UIMainStoryboardFile = Main;
				INFOPLIST_KEY_UIStatusBarHidden = YES;
				INFOPLIST_KEY_UISupportedInterfaceOrientations_iPad = "UIInterfaceOrientationPortrait UIInterfaceOrientationPortraitUpsideDown UIInterfaceOrientationLandscapeLeft UIInterfaceOrientationLandscapeRight";
				INFOPLIST_KEY_UISupportedInterfaceOrientations_iPhone = "UIInterfaceOrientationPortrait UIInterfaceOrientationLandscapeLeft UIInterfaceOrientationLandscapeRight";
				IPHONEOS_DEPLOYMENT_TARGET = 15.0;
				LD_RUNPATH_SEARCH_PATHS = (
					"$(inherited)",
					"@executable_path/Frameworks",
				);
				MARKETING_VERSION = 1.0;
				PRODUCT_BUNDLE_IDENTIFIER = edu.ephs.abhaygavin;
				PRODUCT_NAME = "$(TARGET_NAME)";
				SWIFT_EMIT_LOC_STRINGS = YES;
				SWIFT_VERSION = 5.0;
				TARGETED_DEVICE_FAMILY = 1;
			};
			name = Debug;
		};
		23009EEE27BAF4E800775EC8 /* Release */ = {
			isa = XCBuildConfiguration;
			buildSettings = {
				ASSETCATALOG_COMPILER_APPICON_NAME = AppIcon;
				ASSETCATALOG_COMPILER_GLOBAL_ACCENT_COLOR_NAME = AccentColor;
				CODE_SIGN_STYLE = Automatic;
				CURRENT_PROJECT_VERSION = 1;
				DEVELOPMENT_TEAM = 883DK65VTV;
				GENERATE_INFOPLIST_FILE = YES;
				INFOPLIST_FILE = Pong/Info.plist;
				INFOPLIST_KEY_CFBundleDisplayName = Ping9;
				INFOPLIST_KEY_UIApplicationSupportsIndirectInputEvents = YES;
				INFOPLIST_KEY_UILaunchStoryboardName = LaunchScreen;
				INFOPLIST_KEY_UIMainStoryboardFile = Main;
				INFOPLIST_KEY_UIStatusBarHidden = YES;
				INFOPLIST_KEY_UISupportedInterfaceOrientations_iPad = "UIInterfaceOrientationPortrait UIInterfaceOrientationPortraitUpsideDown UIInterfaceOrientationLandscapeLeft UIInterfaceOrientationLandscapeRight";
				INFOPLIST_KEY_UISupportedInterfaceOrientations_iPhone = "UIInterfaceOrientationPortrait UIInterfaceOrientationLandscapeLeft UIInterfaceOrientationLandscapeRight";
				IPHONEOS_DEPLOYMENT_TARGET = 15.0;
				LD_RUNPATH_SEARCH_PATHS = (
					"$(inherited)",
					"@executable_path/Frameworks",
				);
				MARKETING_VERSION = 1.0;
				PRODUCT_BUNDLE_IDENTIFIER = edu.ephs.abhaygavin;
				PRODUCT_NAME = "$(TARGET_NAME)";
				SWIFT_EMIT_LOC_STRINGS = YES;
				SWIFT_VERSION = 5.0;
				TARGETED_DEVICE_FAMILY = 1;
			};
			name = Release;
		};
		23009EF027BAF4E800775EC8 /* Debug */ = {
			isa = XCBuildConfiguration;
			buildSettings = {
				ALWAYS_EMBED_SWIFT_STANDARD_LIBRARIES = YES;
				BUNDLE_LOADER = "$(TEST_HOST)";
				CODE_SIGN_STYLE = Automatic;
				CURRENT_PROJECT_VERSION = 1;
				DEVELOPMENT_TEAM = 883DK65VTV;
				GENERATE_INFOPLIST_FILE = YES;
				IPHONEOS_DEPLOYMENT_TARGET = 15.4;
				MARKETING_VERSION = 1.0;
				PRODUCT_BUNDLE_IDENTIFIER = test.PongTests;
				PRODUCT_NAME = "$(TARGET_NAME)";
				SWIFT_EMIT_LOC_STRINGS = NO;
				SWIFT_VERSION = 5.0;
				TARGETED_DEVICE_FAMILY = "1,2";
				TEST_HOST = "$(BUILT_PRODUCTS_DIR)/Pong.app/Pong";
			};
			name = Debug;
		};
		23009EF127BAF4E800775EC8 /* Release */ = {
			isa = XCBuildConfiguration;
			buildSettings = {
				ALWAYS_EMBED_SWIFT_STANDARD_LIBRARIES = YES;
				BUNDLE_LOADER = "$(TEST_HOST)";
				CODE_SIGN_STYLE = Automatic;
				CURRENT_PROJECT_VERSION = 1;
				DEVELOPMENT_TEAM = 883DK65VTV;
				GENERATE_INFOPLIST_FILE = YES;
				IPHONEOS_DEPLOYMENT_TARGET = 15.4;
				MARKETING_VERSION = 1.0;
				PRODUCT_BUNDLE_IDENTIFIER = test.PongTests;
				PRODUCT_NAME = "$(TARGET_NAME)";
				SWIFT_EMIT_LOC_STRINGS = NO;
				SWIFT_VERSION = 5.0;
				TARGETED_DEVICE_FAMILY = "1,2";
				TEST_HOST = "$(BUILT_PRODUCTS_DIR)/Pong.app/Pong";
			};
			name = Release;
		};
		23009EF327BAF4E800775EC8 /* Debug */ = {
			isa = XCBuildConfiguration;
			buildSettings = {
				ALWAYS_EMBED_SWIFT_STANDARD_LIBRARIES = YES;
				CODE_SIGN_STYLE = Automatic;
				CURRENT_PROJECT_VERSION = 1;
				DEVELOPMENT_TEAM = 883DK65VTV;
				GENERATE_INFOPLIST_FILE = YES;
				MARKETING_VERSION = 1.0;
				PRODUCT_BUNDLE_IDENTIFIER = test.PongUITests;
				PRODUCT_NAME = "$(TARGET_NAME)";
				SWIFT_EMIT_LOC_STRINGS = NO;
				SWIFT_VERSION = 5.0;
				TARGETED_DEVICE_FAMILY = "1,2";
				TEST_TARGET_NAME = Pong;
			};
			name = Debug;
		};
		23009EF427BAF4E800775EC8 /* Release */ = {
			isa = XCBuildConfiguration;
			buildSettings = {
				ALWAYS_EMBED_SWIFT_STANDARD_LIBRARIES = YES;
				CODE_SIGN_STYLE = Automatic;
				CURRENT_PROJECT_VERSION = 1;
				DEVELOPMENT_TEAM = 883DK65VTV;
				GENERATE_INFOPLIST_FILE = YES;
				MARKETING_VERSION = 1.0;
				PRODUCT_BUNDLE_IDENTIFIER = test.PongUITests;
				PRODUCT_NAME = "$(TARGET_NAME)";
				SWIFT_EMIT_LOC_STRINGS = NO;
				SWIFT_VERSION = 5.0;
				TARGETED_DEVICE_FAMILY = "1,2";
				TEST_TARGET_NAME = Pong;
			};
			name = Release;
		};
/* End XCBuildConfiguration section */

/* Begin XCConfigurationList section */
		23009EBA27BAF4DF00775EC8 /* Build configuration list for PBXProject "Pong" */ = {
			isa = XCConfigurationList;
			buildConfigurations = (
				23009EEA27BAF4E800775EC8 /* Debug */,
				23009EEB27BAF4E800775EC8 /* Release */,
			);
			defaultConfigurationIsVisible = 0;
			defaultConfigurationName = Release;
		};
		23009EEC27BAF4E800775EC8 /* Build configuration list for PBXNativeTarget "Pong" */ = {
			isa = XCConfigurationList;
			buildConfigurations = (
				23009EED27BAF4E800775EC8 /* Debug */,
				23009EEE27BAF4E800775EC8 /* Release */,
			);
			defaultConfigurationIsVisible = 0;
			defaultConfigurationName = Release;
		};
		23009EEF27BAF4E800775EC8 /* Build configuration list for PBXNativeTarget "PongTests" */ = {
			isa = XCConfigurationList;
			buildConfigurations = (
				23009EF027BAF4E800775EC8 /* Debug */,
				23009EF127BAF4E800775EC8 /* Release */,
			);
			defaultConfigurationIsVisible = 0;
			defaultConfigurationName = Release;
		};
		23009EF227BAF4E800775EC8 /* Build configuration list for PBXNativeTarget "PongUITests" */ = {
			isa = XCConfigurationList;
			buildConfigurations = (
				23009EF327BAF4E800775EC8 /* Debug */,
				23009EF427BAF4E800775EC8 /* Release */,
			);
			defaultConfigurationIsVisible = 0;
			defaultConfigurationName = Release;
		};
/* End XCConfigurationList section */
	};
	rootObject = 23009EB727BAF4DF00775EC8 /* Project object */;
}
